// !$*UTF8*$!
{
	archiveVersion = 1;
	classes = {
	};
	objectVersion = 51;
	objects = {

/* Begin PBXBuildFile section */
		20B53A5B6D5B0F9DA1EA14E3 /* Pods_SportsApplication.framework in Frameworks */ = {isa = PBXBuildFile; fileRef = A0D6202B3164259E3C6E8A1F /* Pods_SportsApplication.framework */; };
		A902246F25F38F0A00148BDB /* FavouriteLeaguesViewController.swift in Sources */ = {isa = PBXBuildFile; fileRef = A902246E25F38F0A00148BDB /* FavouriteLeaguesViewController.swift */; };
		A902247125F3957100148BDB /* AddToFavProtocol.swift in Sources */ = {isa = PBXBuildFile; fileRef = A902247025F3957100148BDB /* AddToFavProtocol.swift */; };
		A9223B5725ED5D0300EADDD4 /* Sport.swift in Sources */ = {isa = PBXBuildFile; fileRef = A9223B5625ED5D0300EADDD4 /* Sport.swift */; };
		A941C9E625F29C5300C0DF5D /* ResultsModel.swift in Sources */ = {isa = PBXBuildFile; fileRef = A941C9E525F29C5300C0DF5D /* ResultsModel.swift */; };
		A941C9E825F29CDC00C0DF5D /* ResultsView.swift in Sources */ = {isa = PBXBuildFile; fileRef = A941C9E725F29CDC00C0DF5D /* ResultsView.swift */; };
		A941C9EA25F29D0200C0DF5D /* ResultsCollectionViewCell.swift in Sources */ = {isa = PBXBuildFile; fileRef = A941C9E925F29D0200C0DF5D /* ResultsCollectionViewCell.swift */; };
		A941C9ED25F2C13700C0DF5D /* TeamCollectionViewCell.swift in Sources */ = {isa = PBXBuildFile; fileRef = A941C9EC25F2C13700C0DF5D /* TeamCollectionViewCell.swift */; };
		A941C9EF25F2C15400C0DF5D /* TeamsView.swift in Sources */ = {isa = PBXBuildFile; fileRef = A941C9EE25F2C15400C0DF5D /* TeamsView.swift */; };
		A941C9F125F2C16D00C0DF5D /* TeamModel.swift in Sources */ = {isa = PBXBuildFile; fileRef = A941C9F025F2C16D00C0DF5D /* TeamModel.swift */; };
		A949650325F3B96300DC1B7B /* CoreDataLayer.swift in Sources */ = {isa = PBXBuildFile; fileRef = A949650225F3B96300DC1B7B /* CoreDataLayer.swift */; };
		A96FF52225EEFB77009BBBB3 /* SportsCollectionViewController.swift in Sources */ = {isa = PBXBuildFile; fileRef = A96FF52125EEFB77009BBBB3 /* SportsCollectionViewController.swift */; };
		A96FF54725EF1269009BBBB3 /* SportCollectionViewCell.swift in Sources */ = {isa = PBXBuildFile; fileRef = A96FF54625EF1269009BBBB3 /* SportCollectionViewCell.swift */; };
		A96FF54925EF27DD009BBBB3 /* LeguesViewController.swift in Sources */ = {isa = PBXBuildFile; fileRef = A96FF54825EF27DD009BBBB3 /* LeguesViewController.swift */; };
		A96FF54C25EF2DD3009BBBB3 /* LeagueTableViewCell.swift in Sources */ = {isa = PBXBuildFile; fileRef = A96FF54B25EF2DD3009BBBB3 /* LeagueTableViewCell.swift */; };
		A96FF54E25EF30F2009BBBB3 /* LeagueModel.swift in Sources */ = {isa = PBXBuildFile; fileRef = A96FF54D25EF30F2009BBBB3 /* LeagueModel.swift */; };
		A9C564A325F1C23A00A142FB /* LeagueDetailsViewController.swift in Sources */ = {isa = PBXBuildFile; fileRef = A9C564A225F1C23A00A142FB /* LeagueDetailsViewController.swift */; };
		A9C564A525F1CAA700A142FB /* EventsView.swift in Sources */ = {isa = PBXBuildFile; fileRef = A9C564A425F1CAA700A142FB /* EventsView.swift */; };
		A9D55B9825F523D9002655A2 /* TeamSelectionProtocol.swift in Sources */ = {isa = PBXBuildFile; fileRef = A9D55B9725F523D9002655A2 /* TeamSelectionProtocol.swift */; };
		A9D55B9A25F52508002655A2 /* ErrorAlert.swift in Sources */ = {isa = PBXBuildFile; fileRef = A9D55B9925F52508002655A2 /* ErrorAlert.swift */; };
		A9E1014B25ED3FC20031CBC1 /* AppDelegate.swift in Sources */ = {isa = PBXBuildFile; fileRef = A9E1014A25ED3FC20031CBC1 /* AppDelegate.swift */; };
		A9E1014D25ED3FC20031CBC1 /* SceneDelegate.swift in Sources */ = {isa = PBXBuildFile; fileRef = A9E1014C25ED3FC20031CBC1 /* SceneDelegate.swift */; };
		A9E1014F25ED3FC20031CBC1 /* ViewController.swift in Sources */ = {isa = PBXBuildFile; fileRef = A9E1014E25ED3FC20031CBC1 /* ViewController.swift */; };
		A9E1015225ED3FC20031CBC1 /* Main.storyboard in Resources */ = {isa = PBXBuildFile; fileRef = A9E1015025ED3FC20031CBC1 /* Main.storyboard */; };
		A9E1015525ED3FC20031CBC1 /* SportsApplication.xcdatamodeld in Sources */ = {isa = PBXBuildFile; fileRef = A9E1015325ED3FC20031CBC1 /* SportsApplication.xcdatamodeld */; };
		A9E1015725ED3FC60031CBC1 /* Assets.xcassets in Resources */ = {isa = PBXBuildFile; fileRef = A9E1015625ED3FC60031CBC1 /* Assets.xcassets */; };
		A9E1015A25ED3FC60031CBC1 /* LaunchScreen.storyboard in Resources */ = {isa = PBXBuildFile; fileRef = A9E1015825ED3FC60031CBC1 /* LaunchScreen.storyboard */; };
		A9FA4B6225F25300007FCF61 /* EventModel.swift in Sources */ = {isa = PBXBuildFile; fileRef = A9FA4B6125F25300007FCF61 /* EventModel.swift */; };
		A9FA4B6425F260F3007FCF61 /* EventCollectionViewCell.swift in Sources */ = {isa = PBXBuildFile; fileRef = A9FA4B6325F260F3007FCF61 /* EventCollectionViewCell.swift */; };
		A9FA4B6625F26F2A007FCF61 /* NetworkLayer.swift in Sources */ = {isa = PBXBuildFile; fileRef = A9FA4B6525F26F2A007FCF61 /* NetworkLayer.swift */; };
		A9FD82A325F530AC0027AD7A /* TeamDetailsViewController.swift in Sources */ = {isa = PBXBuildFile; fileRef = A9FD82A225F530AC0027AD7A /* TeamDetailsViewController.swift */; };
/* End PBXBuildFile section */

/* Begin PBXFileReference section */
		3FEEFCDD55DCA3651731546E /* Pods-SportsApplication.release.xcconfig */ = {isa = PBXFileReference; includeInIndex = 1; lastKnownFileType = text.xcconfig; name = "Pods-SportsApplication.release.xcconfig"; path = "Target Support Files/Pods-SportsApplication/Pods-SportsApplication.release.xcconfig"; sourceTree = "<group>"; };
		4DCE4EED2F192791B2F8F901 /* Pods-SportsApplication.debug.xcconfig */ = {isa = PBXFileReference; includeInIndex = 1; lastKnownFileType = text.xcconfig; name = "Pods-SportsApplication.debug.xcconfig"; path = "Target Support Files/Pods-SportsApplication/Pods-SportsApplication.debug.xcconfig"; sourceTree = "<group>"; };
		A0D6202B3164259E3C6E8A1F /* Pods_SportsApplication.framework */ = {isa = PBXFileReference; explicitFileType = wrapper.framework; includeInIndex = 0; path = Pods_SportsApplication.framework; sourceTree = BUILT_PRODUCTS_DIR; };
		A902246E25F38F0A00148BDB /* FavouriteLeaguesViewController.swift */ = {isa = PBXFileReference; lastKnownFileType = sourcecode.swift; name = FavouriteLeaguesViewController.swift; path = SportsApplication/FavouriteLeaguesViewController.swift; sourceTree = SOURCE_ROOT; };
		A902247025F3957100148BDB /* AddToFavProtocol.swift */ = {isa = PBXFileReference; lastKnownFileType = sourcecode.swift; path = AddToFavProtocol.swift; sourceTree = "<group>"; };
		A9223B5625ED5D0300EADDD4 /* Sport.swift */ = {isa = PBXFileReference; lastKnownFileType = sourcecode.swift; path = Sport.swift; sourceTree = "<group>"; };
		A941C9E525F29C5300C0DF5D /* ResultsModel.swift */ = {isa = PBXFileReference; lastKnownFileType = sourcecode.swift; path = ResultsModel.swift; sourceTree = "<group>"; };
		A941C9E725F29CDC00C0DF5D /* ResultsView.swift */ = {isa = PBXFileReference; lastKnownFileType = sourcecode.swift; path = ResultsView.swift; sourceTree = "<group>"; };
		A941C9E925F29D0200C0DF5D /* ResultsCollectionViewCell.swift */ = {isa = PBXFileReference; lastKnownFileType = sourcecode.swift; path = ResultsCollectionViewCell.swift; sourceTree = "<group>"; };
		A941C9EC25F2C13700C0DF5D /* TeamCollectionViewCell.swift */ = {isa = PBXFileReference; lastKnownFileType = sourcecode.swift; path = TeamCollectionViewCell.swift; sourceTree = "<group>"; };
		A941C9EE25F2C15400C0DF5D /* TeamsView.swift */ = {isa = PBXFileReference; lastKnownFileType = sourcecode.swift; path = TeamsView.swift; sourceTree = "<group>"; };
		A941C9F025F2C16D00C0DF5D /* TeamModel.swift */ = {isa = PBXFileReference; lastKnownFileType = sourcecode.swift; path = TeamModel.swift; sourceTree = "<group>"; };
		A949650225F3B96300DC1B7B /* CoreDataLayer.swift */ = {isa = PBXFileReference; lastKnownFileType = sourcecode.swift; path = CoreDataLayer.swift; sourceTree = "<group>"; };
		A96FF52125EEFB77009BBBB3 /* SportsCollectionViewController.swift */ = {isa = PBXFileReference; lastKnownFileType = sourcecode.swift; path = SportsCollectionViewController.swift; sourceTree = "<group>"; };
		A96FF54625EF1269009BBBB3 /* SportCollectionViewCell.swift */ = {isa = PBXFileReference; lastKnownFileType = sourcecode.swift; path = SportCollectionViewCell.swift; sourceTree = "<group>"; };
		A96FF54825EF27DD009BBBB3 /* LeguesViewController.swift */ = {isa = PBXFileReference; lastKnownFileType = sourcecode.swift; path = LeguesViewController.swift; sourceTree = "<group>"; };
		A96FF54B25EF2DD3009BBBB3 /* LeagueTableViewCell.swift */ = {isa = PBXFileReference; lastKnownFileType = sourcecode.swift; path = LeagueTableViewCell.swift; sourceTree = "<group>"; };
		A96FF54D25EF30F2009BBBB3 /* LeagueModel.swift */ = {isa = PBXFileReference; lastKnownFileType = sourcecode.swift; path = LeagueModel.swift; sourceTree = "<group>"; };
		A9C564A225F1C23A00A142FB /* LeagueDetailsViewController.swift */ = {isa = PBXFileReference; lastKnownFileType = sourcecode.swift; path = LeagueDetailsViewController.swift; sourceTree = "<group>"; };
		A9C564A425F1CAA700A142FB /* EventsView.swift */ = {isa = PBXFileReference; lastKnownFileType = sourcecode.swift; path = EventsView.swift; sourceTree = "<group>"; };
		A9D55B9725F523D9002655A2 /* TeamSelectionProtocol.swift */ = {isa = PBXFileReference; lastKnownFileType = sourcecode.swift; path = TeamSelectionProtocol.swift; sourceTree = "<group>"; };
		A9D55B9925F52508002655A2 /* ErrorAlert.swift */ = {isa = PBXFileReference; lastKnownFileType = sourcecode.swift; path = ErrorAlert.swift; sourceTree = "<group>"; };
		A9E1014725ED3FC20031CBC1 /* SportsApplication.app */ = {isa = PBXFileReference; explicitFileType = wrapper.application; includeInIndex = 0; path = SportsApplication.app; sourceTree = BUILT_PRODUCTS_DIR; };
		A9E1014A25ED3FC20031CBC1 /* AppDelegate.swift */ = {isa = PBXFileReference; lastKnownFileType = sourcecode.swift; path = AppDelegate.swift; sourceTree = "<group>"; };
		A9E1014C25ED3FC20031CBC1 /* SceneDelegate.swift */ = {isa = PBXFileReference; lastKnownFileType = sourcecode.swift; path = SceneDelegate.swift; sourceTree = "<group>"; };
		A9E1014E25ED3FC20031CBC1 /* ViewController.swift */ = {isa = PBXFileReference; lastKnownFileType = sourcecode.swift; path = ViewController.swift; sourceTree = "<group>"; };
		A9E1015125ED3FC20031CBC1 /* Base */ = {isa = PBXFileReference; lastKnownFileType = file.storyboard; name = Base; path = Base.lproj/Main.storyboard; sourceTree = "<group>"; };
		A9E1015425ED3FC20031CBC1 /* SportsApplication.xcdatamodel */ = {isa = PBXFileReference; lastKnownFileType = wrapper.xcdatamodel; path = SportsApplication.xcdatamodel; sourceTree = "<group>"; };
		A9E1015625ED3FC60031CBC1 /* Assets.xcassets */ = {isa = PBXFileReference; lastKnownFileType = folder.assetcatalog; path = Assets.xcassets; sourceTree = "<group>"; };
		A9E1015925ED3FC60031CBC1 /* Base */ = {isa = PBXFileReference; lastKnownFileType = file.storyboard; name = Base; path = Base.lproj/LaunchScreen.storyboard; sourceTree = "<group>"; };
		A9E1015B25ED3FC60031CBC1 /* Info.plist */ = {isa = PBXFileReference; lastKnownFileType = text.plist.xml; path = Info.plist; sourceTree = "<group>"; };
		A9FA4B6125F25300007FCF61 /* EventModel.swift */ = {isa = PBXFileReference; lastKnownFileType = sourcecode.swift; path = EventModel.swift; sourceTree = "<group>"; };
		A9FA4B6325F260F3007FCF61 /* EventCollectionViewCell.swift */ = {isa = PBXFileReference; lastKnownFileType = sourcecode.swift; path = EventCollectionViewCell.swift; sourceTree = "<group>"; };
		A9FA4B6525F26F2A007FCF61 /* NetworkLayer.swift */ = {isa = PBXFileReference; lastKnownFileType = sourcecode.swift; path = NetworkLayer.swift; sourceTree = "<group>"; };
		A9FD82A225F530AC0027AD7A /* TeamDetailsViewController.swift */ = {isa = PBXFileReference; fileEncoding = 4; lastKnownFileType = sourcecode.swift; path = TeamDetailsViewController.swift; sourceTree = "<group>"; };
/* End PBXFileReference section */

/* Begin PBXFrameworksBuildPhase section */
		A9E1014425ED3FC20031CBC1 /* Frameworks */ = {
			isa = PBXFrameworksBuildPhase;
			buildActionMask = 2147483647;
			files = (
				20B53A5B6D5B0F9DA1EA14E3 /* Pods_SportsApplication.framework in Frameworks */,
			);
			runOnlyForDeploymentPostprocessing = 0;
		};
/* End PBXFrameworksBuildPhase section */

/* Begin PBXGroup section */
		9ABAB5617E2C734704C44027 /* Frameworks */ = {
			isa = PBXGroup;
			children = (
				A0D6202B3164259E3C6E8A1F /* Pods_SportsApplication.framework */,
			);
			name = Frameworks;
			sourceTree = "<group>";
		};
		A941C9E325F29BDF00C0DF5D /* EventsCollectionView */ = {
			isa = PBXGroup;
			children = (
				A9C564A425F1CAA700A142FB /* EventsView.swift */,
				A9FA4B6125F25300007FCF61 /* EventModel.swift */,
				A9FA4B6325F260F3007FCF61 /* EventCollectionViewCell.swift */,
			);
			path = EventsCollectionView;
			sourceTree = "<group>";
		};
		A941C9E425F29C1300C0DF5D /* LeagueDetailsVC */ = {
			isa = PBXGroup;
			children = (
				A9C564A225F1C23A00A142FB /* LeagueDetailsViewController.swift */,
				A941C9E325F29BDF00C0DF5D /* EventsCollectionView */,
				A941C9EB25F2BCE700C0DF5D /* ResultsCollectionView */,
				A9D5F15F25F2E019002999E4 /* TeamsCollectionView */,
			);
			path = LeagueDetailsVC;
			sourceTree = "<group>";
		};
		A941C9EB25F2BCE700C0DF5D /* ResultsCollectionView */ = {
			isa = PBXGroup;
			children = (
				A941C9E525F29C5300C0DF5D /* ResultsModel.swift */,
				A941C9E725F29CDC00C0DF5D /* ResultsView.swift */,
				A941C9E925F29D0200C0DF5D /* ResultsCollectionViewCell.swift */,
			);
			path = ResultsCollectionView;
			sourceTree = "<group>";
		};
		A96FF54A25EF2884009BBBB3 /* SportsViewController */ = {
			isa = PBXGroup;
			children = (
				A9223B5625ED5D0300EADDD4 /* Sport.swift */,
				A96FF52125EEFB77009BBBB3 /* SportsCollectionViewController.swift */,
				A96FF54625EF1269009BBBB3 /* SportCollectionViewCell.swift */,
			);
			path = SportsViewController;
			sourceTree = "<group>";
		};
		A9D1183B25F04E1700990422 /* LeaguesViewController+Favourite */ = {
			isa = PBXGroup;
			children = (
				A902246E25F38F0A00148BDB /* FavouriteLeaguesViewController.swift */,
				A96FF54825EF27DD009BBBB3 /* LeguesViewController.swift */,
				A96FF54B25EF2DD3009BBBB3 /* LeagueTableViewCell.swift */,
				A96FF54D25EF30F2009BBBB3 /* LeagueModel.swift */,
			);
			path = "LeaguesViewController+Favourite";
			sourceTree = "<group>";
		};
		A9D55B9425F51D8D002655A2 /* SupportFiles */ = {
			isa = PBXGroup;
			children = (
				A9FA4B6525F26F2A007FCF61 /* NetworkLayer.swift */,
				A902247025F3957100148BDB /* AddToFavProtocol.swift */,
				A949650225F3B96300DC1B7B /* CoreDataLayer.swift */,
				A9D55B9725F523D9002655A2 /* TeamSelectionProtocol.swift */,
				A9D55B9925F52508002655A2 /* ErrorAlert.swift */,
			);
			path = SupportFiles;
			sourceTree = "<group>";
		};
		A9D5F15F25F2E019002999E4 /* TeamsCollectionView */ = {
			isa = PBXGroup;
			children = (
				A941C9EC25F2C13700C0DF5D /* TeamCollectionViewCell.swift */,
				A941C9EE25F2C15400C0DF5D /* TeamsView.swift */,
				A941C9F025F2C16D00C0DF5D /* TeamModel.swift */,
			);
			path = TeamsCollectionView;
			sourceTree = "<group>";
		};
		A9E1013E25ED3FC20031CBC1 = {
			isa = PBXGroup;
			children = (
				A9E1014925ED3FC20031CBC1 /* SportsApplication */,
				A9E1014825ED3FC20031CBC1 /* Products */,
				D44CE14892CB1543D6E22BB1 /* Pods */,
				9ABAB5617E2C734704C44027 /* Frameworks */,
			);
			sourceTree = "<group>";
		};
		A9E1014825ED3FC20031CBC1 /* Products */ = {
			isa = PBXGroup;
			children = (
				A9E1014725ED3FC20031CBC1 /* SportsApplication.app */,
			);
			name = Products;
			sourceTree = "<group>";
		};
		A9E1014925ED3FC20031CBC1 /* SportsApplication */ = {
			isa = PBXGroup;
			children = (
				A9FD82A225F530AC0027AD7A /* TeamDetailsViewController.swift */,
				A9E1014A25ED3FC20031CBC1 /* AppDelegate.swift */,
				A96FF54A25EF2884009BBBB3 /* SportsViewController */,
				A9D1183B25F04E1700990422 /* LeaguesViewController+Favourite */,
				A941C9E425F29C1300C0DF5D /* LeagueDetailsVC */,
				A9D55B9425F51D8D002655A2 /* SupportFiles */,
				A9E1014C25ED3FC20031CBC1 /* SceneDelegate.swift */,
				A9E1014E25ED3FC20031CBC1 /* ViewController.swift */,
				A9E1015025ED3FC20031CBC1 /* Main.storyboard */,
				A9E1015625ED3FC60031CBC1 /* Assets.xcassets */,
				A9E1015825ED3FC60031CBC1 /* LaunchScreen.storyboard */,
				A9E1015B25ED3FC60031CBC1 /* Info.plist */,
				A9E1015325ED3FC20031CBC1 /* SportsApplication.xcdatamodeld */,
			);
			path = SportsApplication;
			sourceTree = "<group>";
		};
		D44CE14892CB1543D6E22BB1 /* Pods */ = {
			isa = PBXGroup;
			children = (
				4DCE4EED2F192791B2F8F901 /* Pods-SportsApplication.debug.xcconfig */,
				3FEEFCDD55DCA3651731546E /* Pods-SportsApplication.release.xcconfig */,
			);
			path = Pods;
			sourceTree = "<group>";
		};
/* End PBXGroup section */

/* Begin PBXNativeTarget section */
		A9E1014625ED3FC20031CBC1 /* SportsApplication */ = {
			isa = PBXNativeTarget;
			buildConfigurationList = A9E1015E25ED3FC60031CBC1 /* Build configuration list for PBXNativeTarget "SportsApplication" */;
			buildPhases = (
				4048BCE84130F223E4631371 /* [CP] Check Pods Manifest.lock */,
				A9E1014325ED3FC20031CBC1 /* Sources */,
				A9E1014425ED3FC20031CBC1 /* Frameworks */,
				A9E1014525ED3FC20031CBC1 /* Resources */,
				CF2B1524AA76E91F44561114 /* [CP] Embed Pods Frameworks */,
			);
			buildRules = (
			);
			dependencies = (
			);
			name = SportsApplication;
			productName = SportsApplication;
			productReference = A9E1014725ED3FC20031CBC1 /* SportsApplication.app */;
			productType = "com.apple.product-type.application";
		};
/* End PBXNativeTarget section */

/* Begin PBXProject section */
		A9E1013F25ED3FC20031CBC1 /* Project object */ = {
			isa = PBXProject;
			attributes = {
				LastSwiftUpdateCheck = 1120;
				LastUpgradeCheck = 1120;
				ORGANIZATIONNAME = moutaz_hegazy;
				TargetAttributes = {
					A9E1014625ED3FC20031CBC1 = {
						CreatedOnToolsVersion = 11.2.1;
					};
				};
			};
			buildConfigurationList = A9E1014225ED3FC20031CBC1 /* Build configuration list for PBXProject "SportsApplication" */;
			compatibilityVersion = "Xcode 9.3";
			developmentRegion = en;
			hasScannedForEncodings = 0;
			knownRegions = (
				en,
				Base,
			);
			mainGroup = A9E1013E25ED3FC20031CBC1;
			productRefGroup = A9E1014825ED3FC20031CBC1 /* Products */;
			projectDirPath = "";
			projectRoot = "";
			targets = (
				A9E1014625ED3FC20031CBC1 /* SportsApplication */,
			);
		};
/* End PBXProject section */

/* Begin PBXResourcesBuildPhase section */
		A9E1014525ED3FC20031CBC1 /* Resources */ = {
			isa = PBXResourcesBuildPhase;
			buildActionMask = 2147483647;
			files = (
				A9E1015A25ED3FC60031CBC1 /* LaunchScreen.storyboard in Resources */,
				A9E1015725ED3FC60031CBC1 /* Assets.xcassets in Resources */,
				A9E1015225ED3FC20031CBC1 /* Main.storyboard in Resources */,
			);
			runOnlyForDeploymentPostprocessing = 0;
		};
/* End PBXResourcesBuildPhase section */

/* Begin PBXShellScriptBuildPhase section */
		4048BCE84130F223E4631371 /* [CP] Check Pods Manifest.lock */ = {
			isa = PBXShellScriptBuildPhase;
			buildActionMask = 2147483647;
			files = (
			);
			inputFileListPaths = (
			);
			inputPaths = (
				"${PODS_PODFILE_DIR_PATH}/Podfile.lock",
				"${PODS_ROOT}/Manifest.lock",
			);
			name = "[CP] Check Pods Manifest.lock";
			outputFileListPaths = (
			);
			outputPaths = (
				"$(DERIVED_FILE_DIR)/Pods-SportsApplication-checkManifestLockResult.txt",
			);
			runOnlyForDeploymentPostprocessing = 0;
			shellPath = /bin/sh;
			shellScript = "diff \"${PODS_PODFILE_DIR_PATH}/Podfile.lock\" \"${PODS_ROOT}/Manifest.lock\" > /dev/null\nif [ $? != 0 ] ; then\n    # print error to STDERR\n    echo \"error: The sandbox is not in sync with the Podfile.lock. Run 'pod install' or update your CocoaPods installation.\" >&2\n    exit 1\nfi\n# This output is used by Xcode 'outputs' to avoid re-running this script phase.\necho \"SUCCESS\" > \"${SCRIPT_OUTPUT_FILE_0}\"\n";
			showEnvVarsInLog = 0;
		};
		CF2B1524AA76E91F44561114 /* [CP] Embed Pods Frameworks */ = {
			isa = PBXShellScriptBuildPhase;
			buildActionMask = 2147483647;
			files = (
			);
			inputFileListPaths = (
				"${PODS_ROOT}/Target Support Files/Pods-SportsApplication/Pods-SportsApplication-frameworks-${CONFIGURATION}-input-files.xcfilelist",
			);
			name = "[CP] Embed Pods Frameworks";
			outputFileListPaths = (
				"${PODS_ROOT}/Target Support Files/Pods-SportsApplication/Pods-SportsApplication-frameworks-${CONFIGURATION}-output-files.xcfilelist",
			);
			runOnlyForDeploymentPostprocessing = 0;
			shellPath = /bin/sh;
			shellScript = "\"${PODS_ROOT}/Target Support Files/Pods-SportsApplication/Pods-SportsApplication-frameworks.sh\"\n";
			showEnvVarsInLog = 0;
		};
/* End PBXShellScriptBuildPhase section */

/* Begin PBXSourcesBuildPhase section */
		A9E1014325ED3FC20031CBC1 /* Sources */ = {
			isa = PBXSourcesBuildPhase;
			buildActionMask = 2147483647;
			files = (
				A941C9E625F29C5300C0DF5D /* ResultsModel.swift in Sources */,
				A9223B5725ED5D0300EADDD4 /* Sport.swift in Sources */,
				A9FA4B6425F260F3007FCF61 /* EventCollectionViewCell.swift in Sources */,
				A941C9EF25F2C15400C0DF5D /* TeamsView.swift in Sources */,
				A96FF54925EF27DD009BBBB3 /* LeguesViewController.swift in Sources */,
				A941C9ED25F2C13700C0DF5D /* TeamCollectionViewCell.swift in Sources */,
				A949650325F3B96300DC1B7B /* CoreDataLayer.swift in Sources */,
				A9FD82A325F530AC0027AD7A /* TeamDetailsViewController.swift in Sources */,
				A9FA4B6625F26F2A007FCF61 /* NetworkLayer.swift in Sources */,
				A902246F25F38F0A00148BDB /* FavouriteLeaguesViewController.swift in Sources */,
				A96FF52225EEFB77009BBBB3 /* SportsCollectionViewController.swift in Sources */,
				A96FF54725EF1269009BBBB3 /* SportCollectionViewCell.swift in Sources */,
				A941C9EA25F29D0200C0DF5D /* ResultsCollectionViewCell.swift in Sources */,
				A9D55B9A25F52508002655A2 /* ErrorAlert.swift in Sources */,
				A96FF54E25EF30F2009BBBB3 /* LeagueModel.swift in Sources */,
				A941C9F125F2C16D00C0DF5D /* TeamModel.swift in Sources */,
				A96FF54C25EF2DD3009BBBB3 /* LeagueTableViewCell.swift in Sources */,
				A902247125F3957100148BDB /* AddToFavProtocol.swift in Sources */,
				A9D55B9825F523D9002655A2 /* TeamSelectionProtocol.swift in Sources */,
				A9E1014F25ED3FC20031CBC1 /* ViewController.swift in Sources */,
				A9C564A325F1C23A00A142FB /* LeagueDetailsViewController.swift in Sources */,
				A9FA4B6225F25300007FCF61 /* EventModel.swift in Sources */,
				A9E1015525ED3FC20031CBC1 /* SportsApplication.xcdatamodeld in Sources */,
				A9E1014B25ED3FC20031CBC1 /* AppDelegate.swift in Sources */,
				A9E1014D25ED3FC20031CBC1 /* SceneDelegate.swift in Sources */,
				A941C9E825F29CDC00C0DF5D /* ResultsView.swift in Sources */,
				A9C564A525F1CAA700A142FB /* EventsView.swift in Sources */,
			);
			runOnlyForDeploymentPostprocessing = 0;
		};
/* End PBXSourcesBuildPhase section */

/* Begin PBXVariantGroup section */
		A9E1015025ED3FC20031CBC1 /* Main.storyboard */ = {
			isa = PBXVariantGroup;
			children = (
				A9E1015125ED3FC20031CBC1 /* Base */,
			);
			name = Main.storyboard;
			sourceTree = "<group>";
		};
		A9E1015825ED3FC60031CBC1 /* LaunchScreen.storyboard */ = {
			isa = PBXVariantGroup;
			children = (
				A9E1015925ED3FC60031CBC1 /* Base */,
			);
			name = LaunchScreen.storyboard;
			sourceTree = "<group>";
		};
/* End PBXVariantGroup section */

/* Begin XCBuildConfiguration section */
		A9E1015C25ED3FC60031CBC1 /* Debug */ = {
			isa = XCBuildConfiguration;
			buildSettings = {
				ALWAYS_SEARCH_USER_PATHS = NO;
				CLANG_ANALYZER_NONNULL = YES;
				CLANG_ANALYZER_NUMBER_OBJECT_CONVERSION = YES_AGGRESSIVE;
				CLANG_CXX_LANGUAGE_STANDARD = "gnu++14";
				CLANG_CXX_LIBRARY = "libc++";
				CLANG_ENABLE_MODULES = YES;
				CLANG_ENABLE_OBJC_ARC = YES;
				CLANG_ENABLE_OBJC_WEAK = YES;
				CLANG_WARN_BLOCK_CAPTURE_AUTORELEASING = YES;
				CLANG_WARN_BOOL_CONVERSION = YES;
				CLANG_WARN_COMMA = YES;
				CLANG_WARN_CONSTANT_CONVERSION = YES;
				CLANG_WARN_DEPRECATED_OBJC_IMPLEMENTATIONS = YES;
				CLANG_WARN_DIRECT_OBJC_ISA_USAGE = YES_ERROR;
				CLANG_WARN_DOCUMENTATION_COMMENTS = YES;
				CLANG_WARN_EMPTY_BODY = YES;
				CLANG_WARN_ENUM_CONVERSION = YES;
				CLANG_WARN_INFINITE_RECURSION = YES;
				CLANG_WARN_INT_CONVERSION = YES;
				CLANG_WARN_NON_LITERAL_NULL_CONVERSION = YES;
				CLANG_WARN_OBJC_IMPLICIT_RETAIN_SELF = YES;
				CLANG_WARN_OBJC_LITERAL_CONVERSION = YES;
				CLANG_WARN_OBJC_ROOT_CLASS = YES_ERROR;
				CLANG_WARN_RANGE_LOOP_ANALYSIS = YES;
				CLANG_WARN_STRICT_PROTOTYPES = YES;
				CLANG_WARN_SUSPICIOUS_MOVE = YES;
				CLANG_WARN_UNGUARDED_AVAILABILITY = YES_AGGRESSIVE;
				CLANG_WARN_UNREACHABLE_CODE = YES;
				CLANG_WARN__DUPLICATE_METHOD_MATCH = YES;
				COPY_PHASE_STRIP = NO;
				DEBUG_INFORMATION_FORMAT = dwarf;
				ENABLE_STRICT_OBJC_MSGSEND = YES;
				ENABLE_TESTABILITY = YES;
				GCC_C_LANGUAGE_STANDARD = gnu11;
				GCC_DYNAMIC_NO_PIC = NO;
				GCC_NO_COMMON_BLOCKS = YES;
				GCC_OPTIMIZATION_LEVEL = 0;
				GCC_PREPROCESSOR_DEFINITIONS = (
					"DEBUG=1",
					"$(inherited)",
				);
				GCC_WARN_64_TO_32_BIT_CONVERSION = YES;
				GCC_WARN_ABOUT_RETURN_TYPE = YES_ERROR;
				GCC_WARN_UNDECLARED_SELECTOR = YES;
				GCC_WARN_UNINITIALIZED_AUTOS = YES_AGGRESSIVE;
				GCC_WARN_UNUSED_FUNCTION = YES;
				GCC_WARN_UNUSED_VARIABLE = YES;
				IPHONEOS_DEPLOYMENT_TARGET = 13.2;
				MTL_ENABLE_DEBUG_INFO = INCLUDE_SOURCE;
				MTL_FAST_MATH = YES;
				ONLY_ACTIVE_ARCH = YES;
				SDKROOT = iphoneos;
				SWIFT_ACTIVE_COMPILATION_CONDITIONS = DEBUG;
				SWIFT_OPTIMIZATION_LEVEL = "-Onone";
			};
			name = Debug;
		};
		A9E1015D25ED3FC60031CBC1 /* Release */ = {
			isa = XCBuildConfiguration;
			buildSettings = {
				ALWAYS_SEARCH_USER_PATHS = NO;
				CLANG_ANALYZER_NONNULL = YES;
				CLANG_ANALYZER_NUMBER_OBJECT_CONVERSION = YES_AGGRESSIVE;
				CLANG_CXX_LANGUAGE_STANDARD = "gnu++14";
				CLANG_CXX_LIBRARY = "libc++";
				CLANG_ENABLE_MODULES = YES;
				CLANG_ENABLE_OBJC_ARC = YES;
				CLANG_ENABLE_OBJC_WEAK = YES;
				CLANG_WARN_BLOCK_CAPTURE_AUTORELEASING = YES;
				CLANG_WARN_BOOL_CONVERSION = YES;
				CLANG_WARN_COMMA = YES;
				CLANG_WARN_CONSTANT_CONVERSION = YES;
				CLANG_WARN_DEPRECATED_OBJC_IMPLEMENTATIONS = YES;
				CLANG_WARN_DIRECT_OBJC_ISA_USAGE = YES_ERROR;
				CLANG_WARN_DOCUMENTATION_COMMENTS = YES;
				CLANG_WARN_EMPTY_BODY = YES;
				CLANG_WARN_ENUM_CONVERSION = YES;
				CLANG_WARN_INFINITE_RECURSION = YES;
				CLANG_WARN_INT_CONVERSION = YES;
				CLANG_WARN_NON_LITERAL_NULL_CONVERSION = YES;
				CLANG_WARN_OBJC_IMPLICIT_RETAIN_SELF = YES;
				CLANG_WARN_OBJC_LITERAL_CONVERSION = YES;
				CLANG_WARN_OBJC_ROOT_CLASS = YES_ERROR;
				CLANG_WARN_RANGE_LOOP_ANALYSIS = YES;
				CLANG_WARN_STRICT_PROTOTYPES = YES;
				CLANG_WARN_SUSPICIOUS_MOVE = YES;
				CLANG_WARN_UNGUARDED_AVAILABILITY = YES_AGGRESSIVE;
				CLANG_WARN_UNREACHABLE_CODE = YES;
				CLANG_WARN__DUPLICATE_METHOD_MATCH = YES;
				COPY_PHASE_STRIP = NO;
				DEBUG_INFORMATION_FORMAT = "dwarf-with-dsym";
				ENABLE_NS_ASSERTIONS = NO;
				ENABLE_STRICT_OBJC_MSGSEND = YES;
				GCC_C_LANGUAGE_STANDARD = gnu11;
				GCC_NO_COMMON_BLOCKS = YES;
				GCC_WARN_64_TO_32_BIT_CONVERSION = YES;
				GCC_WARN_ABOUT_RETURN_TYPE = YES_ERROR;
				GCC_WARN_UNDECLARED_SELECTOR = YES;
				GCC_WARN_UNINITIALIZED_AUTOS = YES_AGGRESSIVE;
				GCC_WARN_UNUSED_FUNCTION = YES;
				GCC_WARN_UNUSED_VARIABLE = YES;
				IPHONEOS_DEPLOYMENT_TARGET = 13.2;
				MTL_ENABLE_DEBUG_INFO = NO;
				MTL_FAST_MATH = YES;
				SDKROOT = iphoneos;
				SWIFT_COMPILATION_MODE = wholemodule;
				SWIFT_OPTIMIZATION_LEVEL = "-O";
				VALIDATE_PRODUCT = YES;
			};
			name = Release;
		};
		A9E1015F25ED3FC60031CBC1 /* Debug */ = {
			isa = XCBuildConfiguration;
			baseConfigurationReference = 4DCE4EED2F192791B2F8F901 /* Pods-SportsApplication.debug.xcconfig */;
			buildSettings = {
				ASSETCATALOG_COMPILER_APPICON_NAME = AppIcon;
				CODE_SIGN_STYLE = Automatic;
				INFOPLIST_FILE = SportsApplication/Info.plist;
				LD_RUNPATH_SEARCH_PATHS = (
					"$(inherited)",
					"@executable_path/Frameworks",
				);
				PRODUCT_BUNDLE_IDENTIFIER = ITI.SportsApplication;
				PRODUCT_NAME = "$(TARGET_NAME)";
				SWIFT_VERSION = 5.0;
				TARGETED_DEVICE_FAMILY = "1,2";
			};
			name = Debug;
		};
		A9E1016025ED3FC60031CBC1 /* Release */ = {
			isa = XCBuildConfiguration;
			baseConfigurationReference = 3FEEFCDD55DCA3651731546E /* Pods-SportsApplication.release.xcconfig */;
			buildSettings = {
				ASSETCATALOG_COMPILER_APPICON_NAME = AppIcon;
				CODE_SIGN_STYLE = Automatic;
				INFOPLIST_FILE = SportsApplication/Info.plist;
				LD_RUNPATH_SEARCH_PATHS = (
					"$(inherited)",
					"@executable_path/Frameworks",
				);
				PRODUCT_BUNDLE_IDENTIFIER = ITI.SportsApplication;
				PRODUCT_NAME = "$(TARGET_NAME)";
				SWIFT_VERSION = 5.0;
				TARGETED_DEVICE_FAMILY = "1,2";
			};
			name = Release;
		};
/* End XCBuildConfiguration section */

/* Begin XCConfigurationList section */
		A9E1014225ED3FC20031CBC1 /* Build configuration list for PBXProject "SportsApplication" */ = {
			isa = XCConfigurationList;
			buildConfigurations = (
				A9E1015C25ED3FC60031CBC1 /* Debug */,
				A9E1015D25ED3FC60031CBC1 /* Release */,
			);
			defaultConfigurationIsVisible = 0;
			defaultConfigurationName = Release;
		};
		A9E1015E25ED3FC60031CBC1 /* Build configuration list for PBXNativeTarget "SportsApplication" */ = {
			isa = XCConfigurationList;
			buildConfigurations = (
				A9E1015F25ED3FC60031CBC1 /* Debug */,
				A9E1016025ED3FC60031CBC1 /* Release */,
			);
			defaultConfigurationIsVisible = 0;
			defaultConfigurationName = Release;
		};
/* End XCConfigurationList section */

/* Begin XCVersionGroup section */
		A9E1015325ED3FC20031CBC1 /* SportsApplication.xcdatamodeld */ = {
			isa = XCVersionGroup;
			children = (
				A9E1015425ED3FC20031CBC1 /* SportsApplication.xcdatamodel */,
			);
			currentVersion = A9E1015425ED3FC20031CBC1 /* SportsApplication.xcdatamodel */;
			path = SportsApplication.xcdatamodeld;
			sourceTree = "<group>";
			versionGroupType = wrapper.xcdatamodel;
		};
/* End XCVersionGroup section */
	};
	rootObject = A9E1013F25ED3FC20031CBC1 /* Project object */;
}
